Microsoft Visual Studio Solution File, Format Version 11.00
# Visual Studio 2010
Project("{FAE04EC0-301F-11D3-BF4B-00C04F79EFBC}") = "FubuMVC.TwitterBootstrap", "FubuMVC.TwitterBootstrap\FubuMVC.TwitterBootstrap.csproj", "{F3A79B8C-C764-4B53-A75E-D18D29D14490}"
EndProject
Project("{FAE04EC0-301F-11D3-BF4B-00C04F79EFBC}") = "FubuMVC.TwitterBootstrap.Testing", "FubuMVC.TwitterBootstrap.Testing\FubuMVC.TwitterBootstrap.Testing.csproj", "{EA81872F-4C9B-44CE-AFBE-E444D1AA6FD7}"
EndProject
Global
	GlobalSection(SolutionConfigurationPlatforms) = preSolution
		Debug|Any CPU = Debug|Any CPU
		Release|Any CPU = Release|Any CPU
	EndGlobalSection
	GlobalSection(ProjectConfigurationPlatforms) = postSolution
		{F3A79B8C-C764-4B53-A75E-D18D29D14490}.Debug|Any CPU.ActiveCfg = Debug|Any CPU
		{F3A79B8C-C764-4B53-A75E-D18D29D14490}.Debug|Any CPU.Build.0 = Debug|Any CPU
		{F3A79B8C-C764-4B53-A75E-D18D29D14490}.Release|Any CPU.ActiveCfg = Release|Any CPU
		{F3A79B8C-C764-4B53-A75E-D18D29D14490}.Release|Any CPU.Build.0 = Release|Any CPU
		{EA81872F-4C9B-44CE-AFBE-E444D1AA6FD7}.Debug|Any CPU.ActiveCfg = Debug|Any CPU
		{EA81872F-4C9B-44CE-AFBE-E444D1AA6FD7}.Debug|Any CPU.Build.0 = Debug|Any CPU
		{EA81872F-4C9B-44CE-AFBE-E444D1AA6FD7}.Release|Any CPU.ActiveCfg = Release|Any CPU
		{EA81872F-4C9B-44CE-AFBE-E444D1AA6FD7}.Release|Any CPU.Build.0 = Release|Any CPU
	EndGlobalSection
	GlobalSection(SolutionProperties) = preSolution
		HideSolutionNode = FALSE
	EndGlobalSection
EndGlobal
